
Microsoft Visual Studio Solution File, Format Version 12.00
# Visual Studio Version 17
VisualStudioVersion = 17.6.33723.286
MinimumVisualStudioVersion = 10.0.40219.1
Project("{FAE04EC0-301F-11D3-BF4B-00C04F79EFBC}") = "Lab08Program", "Lab08Program.csproj", "{BA166763-710D-421C-827F-B93775F588B2}"
EndProject
Project("{FAE04EC0-301F-11D3-BF4B-00C04F79EFBC}") = "lab08Test", "..\lab08Test\lab08Test.csproj", "{743E5548-9D77-49B2-BDDB-2020733073DF}"
EndProject
Global
	GlobalSection(SolutionConfigurationPlatforms) = preSolution
		Debug|Any CPU = Debug|Any CPU
		Release|Any CPU = Release|Any CPU
	EndGlobalSection
	GlobalSection(ProjectConfigurationPlatforms) = postSolution
		{BA166763-710D-421C-827F-B93775F588B2}.Debug|Any CPU.ActiveCfg = Debug|Any CPU
		{BA166763-710D-421C-827F-B93775F588B2}.Debug|Any CPU.Build.0 = Debug|Any CPU
		{BA166763-710D-421C-827F-B93775F588B2}.Release|Any CPU.ActiveCfg = Release|Any CPU
		{BA166763-710D-421C-827F-B93775F588B2}.Release|Any CPU.Build.0 = Release|Any CPU
		{743E5548-9D77-49B2-BDDB-2020733073DF}.Debug|Any CPU.ActiveCfg = Debug|Any CPU
		{743E5548-9D77-49B2-BDDB-2020733073DF}.Debug|Any CPU.Build.0 = Debug|Any CPU
		{743E5548-9D77-49B2-BDDB-2020733073DF}.Release|Any CPU.ActiveCfg = Release|Any CPU
		{743E5548-9D77-49B2-BDDB-2020733073DF}.Release|Any CPU.Build.0 = Release|Any CPU
	EndGlobalSection
	GlobalSection(SolutionProperties) = preSolution
		HideSolutionNode = FALSE
	EndGlobalSection
	GlobalSection(ExtensibilityGlobals) = postSolution
		SolutionGuid = {FA0910CD-0C6E-44A7-84F1-E0AA428B03FC}
	EndGlobalSection
EndGlobal
